// !$*UTF8*$!
{
	archiveVersion = 1;
	classes = {
	};
	objectVersion = 56;
	objects = {

/* Begin PBXBuildFile section */
		5622D2C22C102E790052A57F /* TimelineReader.swift in Sources */ = {isa = PBXBuildFile; fileRef = 5622D2C12C102E790052A57F /* TimelineReader.swift */; };
		5622D2C52C103F950052A57F /* DashboardView.swift in Sources */ = {isa = PBXBuildFile; fileRef = 5622D2C42C103F950052A57F /* DashboardView.swift */; };
		5622D2C72C11680B0052A57F /* CreateTimelineView.swift in Sources */ = {isa = PBXBuildFile; fileRef = 5622D2C62C11680B0052A57F /* CreateTimelineView.swift */; };
		565999DE2C019FEB001B610E /* timelineApp.swift in Sources */ = {isa = PBXBuildFile; fileRef = 565999DD2C019FEB001B610E /* timelineApp.swift */; };
		565999E02C019FEB001B610E /* ContentView.swift in Sources */ = {isa = PBXBuildFile; fileRef = 565999DF2C019FEB001B610E /* ContentView.swift */; };
		565999E22C019FED001B610E /* Assets.xcassets in Resources */ = {isa = PBXBuildFile; fileRef = 565999E12C019FED001B610E /* Assets.xcassets */; };
		565999E52C019FED001B610E /* Preview Assets.xcassets in Resources */ = {isa = PBXBuildFile; fileRef = 565999E42C019FED001B610E /* Preview Assets.xcassets */; };
		565999F12C031962001B610E /* Timeline.swift in Sources */ = {isa = PBXBuildFile; fileRef = 565999F02C031962001B610E /* Timeline.swift */; };
		565999F42C03335D001B610E /* EditTimelineView.swift in Sources */ = {isa = PBXBuildFile; fileRef = 565999F32C03335D001B610E /* EditTimelineView.swift */; };
		565999F62C033A88001B610E /* EventRow.swift in Sources */ = {isa = PBXBuildFile; fileRef = 565999F52C033A88001B610E /* EventRow.swift */; };
		56A269ED2C08430A00398BB4 /* CreateEventView.swift in Sources */ = {isa = PBXBuildFile; fileRef = 56A269EC2C08430A00398BB4 /* CreateEventView.swift */; };
		56A269EF2C0875FB00398BB4 /* AboutPhotoView.swift in Sources */ = {isa = PBXBuildFile; fileRef = 56A269EE2C0875FB00398BB4 /* AboutPhotoView.swift */; };
		56A269F12C097DAC00398BB4 /* TestView1.swift in Sources */ = {isa = PBXBuildFile; fileRef = 56A269F02C097DAC00398BB4 /* TestView1.swift */; };
/* End PBXBuildFile section */

/* Begin PBXFileReference section */
		5622D2C12C102E790052A57F /* TimelineReader.swift */ = {isa = PBXFileReference; lastKnownFileType = sourcecode.swift; path = TimelineReader.swift; sourceTree = "<group>"; };
		5622D2C42C103F950052A57F /* DashboardView.swift */ = {isa = PBXFileReference; lastKnownFileType = sourcecode.swift; path = DashboardView.swift; sourceTree = "<group>"; };
		5622D2C62C11680B0052A57F /* CreateTimelineView.swift */ = {isa = PBXFileReference; lastKnownFileType = sourcecode.swift; path = CreateTimelineView.swift; sourceTree = "<group>"; };
		565999DA2C019FEB001B610E /* timeline.app */ = {isa = PBXFileReference; explicitFileType = wrapper.application; includeInIndex = 0; path = timeline.app; sourceTree = BUILT_PRODUCTS_DIR; };
		565999DD2C019FEB001B610E /* timelineApp.swift */ = {isa = PBXFileReference; lastKnownFileType = sourcecode.swift; path = timelineApp.swift; sourceTree = "<group>"; };
		565999DF2C019FEB001B610E /* ContentView.swift */ = {isa = PBXFileReference; lastKnownFileType = sourcecode.swift; path = ContentView.swift; sourceTree = "<group>"; };
		565999E12C019FED001B610E /* Assets.xcassets */ = {isa = PBXFileReference; lastKnownFileType = folder.assetcatalog; path = Assets.xcassets; sourceTree = "<group>"; };
		565999E42C019FED001B610E /* Preview Assets.xcassets */ = {isa = PBXFileReference; lastKnownFileType = folder.assetcatalog; path = "Preview Assets.xcassets"; sourceTree = "<group>"; };
		565999F02C031962001B610E /* Timeline.swift */ = {isa = PBXFileReference; lastKnownFileType = sourcecode.swift; path = Timeline.swift; sourceTree = "<group>"; };
		565999F32C03335D001B610E /* EditTimelineView.swift */ = {isa = PBXFileReference; lastKnownFileType = sourcecode.swift; name = EditTimelineView.swift; path = timeline/Views/EditTimelineView.swift; sourceTree = SOURCE_ROOT; };
		565999F52C033A88001B610E /* EventRow.swift */ = {isa = PBXFileReference; lastKnownFileType = sourcecode.swift; path = EventRow.swift; sourceTree = "<group>"; };
		56A269EC2C08430A00398BB4 /* CreateEventView.swift */ = {isa = PBXFileReference; lastKnownFileType = sourcecode.swift; path = CreateEventView.swift; sourceTree = "<group>"; };
		56A269EE2C0875FB00398BB4 /* AboutPhotoView.swift */ = {isa = PBXFileReference; lastKnownFileType = sourcecode.swift; path = AboutPhotoView.swift; sourceTree = "<group>"; };
		56A269F02C097DAC00398BB4 /* TestView1.swift */ = {isa = PBXFileReference; lastKnownFileType = sourcecode.swift; path = TestView1.swift; sourceTree = "<group>"; };
/* End PBXFileReference section */

/* Begin PBXFrameworksBuildPhase section */
		565999D72C019FEB001B610E /* Frameworks */ = {
			isa = PBXFrameworksBuildPhase;
			buildActionMask = 2147483647;
			files = (
			);
			runOnlyForDeploymentPostprocessing = 0;
		};
/* End PBXFrameworksBuildPhase section */

/* Begin PBXGroup section */
		565999D12C019FEB001B610E = {
			isa = PBXGroup;
			children = (
				565999DC2C019FEB001B610E /* timeline */,
				565999DB2C019FEB001B610E /* Products */,
			);
			sourceTree = "<group>";
		};
		565999DB2C019FEB001B610E /* Products */ = {
			isa = PBXGroup;
			children = (
				565999DA2C019FEB001B610E /* timeline.app */,
			);
			name = Products;
			sourceTree = "<group>";
		};
		565999DC2C019FEB001B610E /* timeline */ = {
			isa = PBXGroup;
			children = (
				565999F22C03332E001B610E /* Views */,
				565999EF2C031950001B610E /* Models */,
				565999DD2C019FEB001B610E /* timelineApp.swift */,
				565999DF2C019FEB001B610E /* ContentView.swift */,
				565999E12C019FED001B610E /* Assets.xcassets */,
				565999E32C019FED001B610E /* Preview Content */,
			);
			path = timeline;
			sourceTree = "<group>";
		};
		565999E32C019FED001B610E /* Preview Content */ = {
			isa = PBXGroup;
			children = (
				565999E42C019FED001B610E /* Preview Assets.xcassets */,
			);
			path = "Preview Content";
			sourceTree = "<group>";
		};
		565999EF2C031950001B610E /* Models */ = {
			isa = PBXGroup;
			children = (
				565999F02C031962001B610E /* Timeline.swift */,
				5622D2C12C102E790052A57F /* TimelineReader.swift */,
			);
			path = Models;
			sourceTree = "<group>";
		};
		565999F22C03332E001B610E /* Views */ = {
			isa = PBXGroup;
			children = (
				565999F32C03335D001B610E /* EditTimelineView.swift */,
				565999F52C033A88001B610E /* EventRow.swift */,
				56A269EC2C08430A00398BB4 /* CreateEventView.swift */,
				56A269EE2C0875FB00398BB4 /* AboutPhotoView.swift */,
				56A269F02C097DAC00398BB4 /* TestView1.swift */,
				5622D2C42C103F950052A57F /* DashboardView.swift */,
				5622D2C62C11680B0052A57F /* CreateTimelineView.swift */,
			);
			path = Views;
			sourceTree = "<group>";
		};
/* End PBXGroup section */

/* Begin PBXNativeTarget section */
		565999D92C019FEB001B610E /* timeline */ = {
			isa = PBXNativeTarget;
			buildConfigurationList = 565999E82C019FED001B610E /* Build configuration list for PBXNativeTarget "timeline" */;
			buildPhases = (
				565999D62C019FEB001B610E /* Sources */,
				565999D72C019FEB001B610E /* Frameworks */,
				565999D82C019FEB001B610E /* Resources */,
			);
			buildRules = (
			);
			dependencies = (
			);
			name = timeline;
			productName = timeline;
			productReference = 565999DA2C019FEB001B610E /* timeline.app */;
			productType = "com.apple.product-type.application";
		};
/* End PBXNativeTarget section */

/* Begin PBXProject section */
		565999D22C019FEB001B610E /* Project object */ = {
			isa = PBXProject;
			attributes = {
				BuildIndependentTargetsInParallel = 1;
				LastSwiftUpdateCheck = 1540;
				LastUpgradeCheck = 1540;
				TargetAttributes = {
					565999D92C019FEB001B610E = {
						CreatedOnToolsVersion = 15.4;
					};
				};
			};
			buildConfigurationList = 565999D52C019FEB001B610E /* Build configuration list for PBXProject "timeline" */;
			compatibilityVersion = "Xcode 14.0";
			developmentRegion = en;
			hasScannedForEncodings = 0;
			knownRegions = (
				en,
				Base,
			);
			mainGroup = 565999D12C019FEB001B610E;
			productRefGroup = 565999DB2C019FEB001B610E /* Products */;
			projectDirPath = "";
			projectRoot = "";
			targets = (
				565999D92C019FEB001B610E /* timeline */,
			);
		};
/* End PBXProject section */

/* Begin PBXResourcesBuildPhase section */
		565999D82C019FEB001B610E /* Resources */ = {
			isa = PBXResourcesBuildPhase;
			buildActionMask = 2147483647;
			files = (
				565999E52C019FED001B610E /* Preview Assets.xcassets in Resources */,
				565999E22C019FED001B610E /* Assets.xcassets in Resources */,
			);
			runOnlyForDeploymentPostprocessing = 0;
		};
/* End PBXResourcesBuildPhase section */

/* Begin PBXSourcesBuildPhase section */
		565999D62C019FEB001B610E /* Sources */ = {
			isa = PBXSourcesBuildPhase;
			buildActionMask = 2147483647;
			files = (
				565999F12C031962001B610E /* Timeline.swift in Sources */,
				565999F42C03335D001B610E /* EditTimelineView.swift in Sources */,
				565999F62C033A88001B610E /* EventRow.swift in Sources */,
				565999E02C019FEB001B610E /* ContentView.swift in Sources */,
				5622D2C22C102E790052A57F /* TimelineReader.swift in Sources */,
				565999DE2C019FEB001B610E /* timelineApp.swift in Sources */,
				5622D2C72C11680B0052A57F /* CreateTimelineView.swift in Sources */,
				56A269F12C097DAC00398BB4 /* TestView1.swift in Sources */,
				5622D2C52C103F950052A57F /* DashboardView.swift in Sources */,
				56A269ED2C08430A00398BB4 /* CreateEventView.swift in Sources */,
				56A269EF2C0875FB00398BB4 /* AboutPhotoView.swift in Sources */,
			);
			runOnlyForDeploymentPostprocessing = 0;
		};
/* End PBXSourcesBuildPhase section */

/* Begin XCBuildConfiguration section */
		565999E62C019FED001B610E /* Debug */ = {
			isa = XCBuildConfiguration;
			buildSettings = {
				ALWAYS_SEARCH_USER_PATHS = NO;
				ASSETCATALOG_COMPILER_GENERATE_SWIFT_ASSET_SYMBOL_EXTENSIONS = YES;
				CLANG_ANALYZER_NONNULL = YES;
				CLANG_ANALYZER_NUMBER_OBJECT_CONVERSION = YES_AGGRESSIVE;
				CLANG_CXX_LANGUAGE_STANDARD = "gnu++20";
				CLANG_ENABLE_MODULES = YES;
				CLANG_ENABLE_OBJC_ARC = YES;
				CLANG_ENABLE_OBJC_WEAK = YES;
				CLANG_WARN_BLOCK_CAPTURE_AUTORELEASING = YES;
				CLANG_WARN_BOOL_CONVERSION = YES;
				CLANG_WARN_COMMA = YES;
				CLANG_WARN_CONSTANT_CONVERSION = YES;
				CLANG_WARN_DEPRECATED_OBJC_IMPLEMENTATIONS = YES;
				CLANG_WARN_DIRECT_OBJC_ISA_USAGE = YES_ERROR;
				CLANG_WARN_DOCUMENTATION_COMMENTS = YES;
				CLANG_WARN_EMPTY_BODY = YES;
				CLANG_WARN_ENUM_CONVERSION = YES;
				CLANG_WARN_INFINITE_RECURSION = YES;
				CLANG_WARN_INT_CONVERSION = YES;
				CLANG_WARN_NON_LITERAL_NULL_CONVERSION = YES;
				CLANG_WARN_OBJC_IMPLICIT_RETAIN_SELF = YES;
				CLANG_WARN_OBJC_LITERAL_CONVERSION = YES;
				CLANG_WARN_OBJC_ROOT_CLASS = YES_ERROR;
				CLANG_WARN_QUOTED_INCLUDE_IN_FRAMEWORK_HEADER = YES;
				CLANG_WARN_RANGE_LOOP_ANALYSIS = YES;
				CLANG_WARN_STRICT_PROTOTYPES = YES;
				CLANG_WARN_SUSPICIOUS_MOVE = YES;
				CLANG_WARN_UNGUARDED_AVAILABILITY = YES_AGGRESSIVE;
				CLANG_WARN_UNREACHABLE_CODE = YES;
				CLANG_WARN__DUPLICATE_METHOD_MATCH = YES;
				COPY_PHASE_STRIP = NO;
				DEBUG_INFORMATION_FORMAT = dwarf;
				ENABLE_STRICT_OBJC_MSGSEND = YES;
				ENABLE_TESTABILITY = YES;
				ENABLE_USER_SCRIPT_SANDBOXING = YES;
				GCC_C_LANGUAGE_STANDARD = gnu17;
				GCC_DYNAMIC_NO_PIC = NO;
				GCC_NO_COMMON_BLOCKS = YES;
				GCC_OPTIMIZATION_LEVEL = 0;
				GCC_PREPROCESSOR_DEFINITIONS = (
					"DEBUG=1",
					"$(inherited)",
				);
				GCC_WARN_64_TO_32_BIT_CONVERSION = YES;
				GCC_WARN_ABOUT_RETURN_TYPE = YES_ERROR;
				GCC_WARN_UNDECLARED_SELECTOR = YES;
				GCC_WARN_UNINITIALIZED_AUTOS = YES_AGGRESSIVE;
				GCC_WARN_UNUSED_FUNCTION = YES;
				GCC_WARN_UNUSED_VARIABLE = YES;
				IPHONEOS_DEPLOYMENT_TARGET = 17.5;
				LOCALIZATION_PREFERS_STRING_CATALOGS = YES;
				MTL_ENABLE_DEBUG_INFO = INCLUDE_SOURCE;
				MTL_FAST_MATH = YES;
				ONLY_ACTIVE_ARCH = YES;
				SDKROOT = iphoneos;
				SWIFT_ACTIVE_COMPILATION_CONDITIONS = "DEBUG $(inherited)";
				SWIFT_OPTIMIZATION_LEVEL = "-Onone";
			};
			name = Debug;
		};
		565999E72C019FED001B610E /* Release */ = {
			isa = XCBuildConfiguration;
			buildSettings = {
				ALWAYS_SEARCH_USER_PATHS = NO;
				ASSETCATALOG_COMPILER_GENERATE_SWIFT_ASSET_SYMBOL_EXTENSIONS = YES;
				CLANG_ANALYZER_NONNULL = YES;
				CLANG_ANALYZER_NUMBER_OBJECT_CONVERSION = YES_AGGRESSIVE;
				CLANG_CXX_LANGUAGE_STANDARD = "gnu++20";
				CLANG_ENABLE_MODULES = YES;
				CLANG_ENABLE_OBJC_ARC = YES;
				CLANG_ENABLE_OBJC_WEAK = YES;
				CLANG_WARN_BLOCK_CAPTURE_AUTORELEASING = YES;
				CLANG_WARN_BOOL_CONVERSION = YES;
				CLANG_WARN_COMMA = YES;
				CLANG_WARN_CONSTANT_CONVERSION = YES;
				CLANG_WARN_DEPRECATED_OBJC_IMPLEMENTATIONS = YES;
				CLANG_WARN_DIRECT_OBJC_ISA_USAGE = YES_ERROR;
				CLANG_WARN_DOCUMENTATION_COMMENTS = YES;
				CLANG_WARN_EMPTY_BODY = YES;
				CLANG_WARN_ENUM_CONVERSION = YES;
				CLANG_WARN_INFINITE_RECURSION = YES;
				CLANG_WARN_INT_CONVERSION = YES;
				CLANG_WARN_NON_LITERAL_NULL_CONVERSION = YES;
				CLANG_WARN_OBJC_IMPLICIT_RETAIN_SELF = YES;
				CLANG_WARN_OBJC_LITERAL_CONVERSION = YES;
				CLANG_WARN_OBJC_ROOT_CLASS = YES_ERROR;
				CLANG_WARN_QUOTED_INCLUDE_IN_FRAMEWORK_HEADER = YES;
				CLANG_WARN_RANGE_LOOP_ANALYSIS = YES;
				CLANG_WARN_STRICT_PROTOTYPES = YES;
				CLANG_WARN_SUSPICIOUS_MOVE = YES;
				CLANG_WARN_UNGUARDED_AVAILABILITY = YES_AGGRESSIVE;
				CLANG_WARN_UNREACHABLE_CODE = YES;
				CLANG_WARN__DUPLICATE_METHOD_MATCH = YES;
				COPY_PHASE_STRIP = NO;
				DEBUG_INFORMATION_FORMAT = "dwarf-with-dsym";
				ENABLE_NS_ASSERTIONS = NO;
				ENABLE_STRICT_OBJC_MSGSEND = YES;
				ENABLE_USER_SCRIPT_SANDBOXING = YES;
				GCC_C_LANGUAGE_STANDARD = gnu17;
				GCC_NO_COMMON_BLOCKS = YES;
				GCC_WARN_64_TO_32_BIT_CONVERSION = YES;
				GCC_WARN_ABOUT_RETURN_TYPE = YES_ERROR;
				GCC_WARN_UNDECLARED_SELECTOR = YES;
				GCC_WARN_UNINITIALIZED_AUTOS = YES_AGGRESSIVE;
				GCC_WARN_UNUSED_FUNCTION = YES;
				GCC_WARN_UNUSED_VARIABLE = YES;
				IPHONEOS_DEPLOYMENT_TARGET = 17.5;
				LOCALIZATION_PREFERS_STRING_CATALOGS = YES;
				MTL_ENABLE_DEBUG_INFO = NO;
				MTL_FAST_MATH = YES;
				SDKROOT = iphoneos;
				SWIFT_COMPILATION_MODE = wholemodule;
				VALIDATE_PRODUCT = YES;
			};
			name = Release;
		};
		565999E92C019FED001B610E /* Debug */ = {
			isa = XCBuildConfiguration;
			buildSettings = {
				ASSETCATALOG_COMPILER_APPICON_NAME = AppIcon;
				ASSETCATALOG_COMPILER_GLOBAL_ACCENT_COLOR_NAME = AccentColor;
				CODE_SIGN_STYLE = Automatic;
				CURRENT_PROJECT_VERSION = 1;
				DEVELOPMENT_ASSET_PATHS = "\"timeline/Preview Content\"";
				DEVELOPMENT_TEAM = KYDHFN7JB5;
				ENABLE_PREVIEWS = YES;
				GENERATE_INFOPLIST_FILE = YES;
				INFOPLIST_KEY_UIApplicationSceneManifest_Generation = YES;
				INFOPLIST_KEY_UIApplicationSupportsIndirectInputEvents = YES;
				INFOPLIST_KEY_UILaunchScreen_Generation = YES;
				INFOPLIST_KEY_UISupportedInterfaceOrientations_iPad = "UIInterfaceOrientationPortrait UIInterfaceOrientationPortraitUpsideDown UIInterfaceOrientationLandscapeLeft UIInterfaceOrientationLandscapeRight";
				INFOPLIST_KEY_UISupportedInterfaceOrientations_iPhone = "UIInterfaceOrientationPortrait UIInterfaceOrientationLandscapeLeft UIInterfaceOrientationLandscapeRight";
				LD_RUNPATH_SEARCH_PATHS = (
					"$(inherited)",
					"@executable_path/Frameworks",
				);
				MARKETING_VERSION = 1.0;
				PRODUCT_BUNDLE_IDENTIFIER = com.xtineeeee.timeline;
				PRODUCT_NAME = "$(TARGET_NAME)";
				SWIFT_EMIT_LOC_STRINGS = YES;
				SWIFT_VERSION = 5.0;
				TARGETED_DEVICE_FAMILY = "1,2";
			};
			name = Debug;
		};
		565999EA2C019FED001B610E /* Release */ = {
			isa = XCBuildConfiguration;
			buildSettings = {
				ASSETCATALOG_COMPILER_APPICON_NAME = AppIcon;
				ASSETCATALOG_COMPILER_GLOBAL_ACCENT_COLOR_NAME = AccentColor;
				CODE_SIGN_STYLE = Automatic;
				CURRENT_PROJECT_VERSION = 1;
				DEVELOPMENT_ASSET_PATHS = "\"timeline/Preview Content\"";
				DEVELOPMENT_TEAM = KYDHFN7JB5;
				ENABLE_PREVIEWS = YES;
				GENERATE_INFOPLIST_FILE = YES;
				INFOPLIST_KEY_UIApplicationSceneManifest_Generation = YES;
				INFOPLIST_KEY_UIApplicationSupportsIndirectInputEvents = YES;
				INFOPLIST_KEY_UILaunchScreen_Generation = YES;
				INFOPLIST_KEY_UISupportedInterfaceOrientations_iPad = "UIInterfaceOrientationPortrait UIInterfaceOrientationPortraitUpsideDown UIInterfaceOrientationLandscapeLeft UIInterfaceOrientationLandscapeRight";
				INFOPLIST_KEY_UISupportedInterfaceOrientations_iPhone = "UIInterfaceOrientationPortrait UIInterfaceOrientationLandscapeLeft UIInterfaceOrientationLandscapeRight";
				LD_RUNPATH_SEARCH_PATHS = (
					"$(inherited)",
					"@executable_path/Frameworks",
				);
				MARKETING_VERSION = 1.0;
				PRODUCT_BUNDLE_IDENTIFIER = com.xtineeeee.timeline;
				PRODUCT_NAME = "$(TARGET_NAME)";
				SWIFT_EMIT_LOC_STRINGS = YES;
				SWIFT_VERSION = 5.0;
				TARGETED_DEVICE_FAMILY = "1,2";
			};
			name = Release;
		};
/* End XCBuildConfiguration section */

/* Begin XCConfigurationList section */
		565999D52C019FEB001B610E /* Build configuration list for PBXProject "timeline" */ = {
			isa = XCConfigurationList;
			buildConfigurations = (
				565999E62C019FED001B610E /* Debug */,
				565999E72C019FED001B610E /* Release */,
			);
			defaultConfigurationIsVisible = 0;
			defaultConfigurationName = Release;
		};
		565999E82C019FED001B610E /* Build configuration list for PBXNativeTarget "timeline" */ = {
			isa = XCConfigurationList;
			buildConfigurations = (
				565999E92C019FED001B610E /* Debug */,
				565999EA2C019FED001B610E /* Release */,
			);
			defaultConfigurationIsVisible = 0;
			defaultConfigurationName = Release;
		};
/* End XCConfigurationList section */
	};
	rootObject = 565999D22C019FEB001B610E /* Project object */;
}
